// !$*UTF8*$!
{
	archiveVersion = 1;
	classes = {
	};
	objectVersion = 48;
	objects = {

/* Begin PBXBuildFile section */
		BE2E92A31FD7908100F6DE24 /* AppDelegate.m in Sources */ = {isa = PBXBuildFile; fileRef = BE2E92A21FD7908100F6DE24 /* AppDelegate.m */; };
		BE2E92A61FD7908100F6DE24 /* ViewController.m in Sources */ = {isa = PBXBuildFile; fileRef = BE2E92A51FD7908100F6DE24 /* ViewController.m */; };
		BE2E92A91FD7908100F6DE24 /* Main.storyboard in Resources */ = {isa = PBXBuildFile; fileRef = BE2E92A71FD7908100F6DE24 /* Main.storyboard */; };
		BE2E92AB1FD7908100F6DE24 /* Assets.xcassets in Resources */ = {isa = PBXBuildFile; fileRef = BE2E92AA1FD7908100F6DE24 /* Assets.xcassets */; };
		BE2E92AE1FD7908100F6DE24 /* LaunchScreen.storyboard in Resources */ = {isa = PBXBuildFile; fileRef = BE2E92AC1FD7908100F6DE24 /* LaunchScreen.storyboard */; };
		BE2E92B11FD7908100F6DE24 /* main.m in Sources */ = {isa = PBXBuildFile; fileRef = BE2E92B01FD7908100F6DE24 /* main.m */; };
		BE2E92BA1FD7917900F6DE24 /* IBAlertSheet.m in Sources */ = {isa = PBXBuildFile; fileRef = BE2E92B91FD7917900F6DE24 /* IBAlertSheet.m */; };
		BE2E92BE1FD7BB0B00F6DE24 /* IBMonthPicker.m in Sources */ = {isa = PBXBuildFile; fileRef = BE2E92BD1FD7BB0B00F6DE24 /* IBMonthPicker.m */; };
		BE2E92C11FD7BC0A00F6DE24 /* NSDate+JPExtention.m in Sources */ = {isa = PBXBuildFile; fileRef = BE2E92BF1FD7BC0A00F6DE24 /* NSDate+JPExtention.m */; };
/* End PBXBuildFile section */

/* Begin PBXFileReference section */
		BE2E929E1FD7908100F6DE24 /* IBAlertSheet.app */ = {isa = PBXFileReference; explicitFileType = wrapper.application; includeInIndex = 0; path = IBAlertSheet.app; sourceTree = BUILT_PRODUCTS_DIR; };
		BE2E92A11FD7908100F6DE24 /* AppDelegate.h */ = {isa = PBXFileReference; lastKnownFileType = sourcecode.c.h; path = AppDelegate.h; sourceTree = "<group>"; };
		BE2E92A21FD7908100F6DE24 /* AppDelegate.m */ = {isa = PBXFileReference; lastKnownFileType = sourcecode.c.objc; path = AppDelegate.m; sourceTree = "<group>"; };
		BE2E92A41FD7908100F6DE24 /* ViewController.h */ = {isa = PBXFileReference; lastKnownFileType = sourcecode.c.h; path = ViewController.h; sourceTree = "<group>"; };
		BE2E92A51FD7908100F6DE24 /* ViewController.m */ = {isa = PBXFileReference; lastKnownFileType = sourcecode.c.objc; path = ViewController.m; sourceTree = "<group>"; };
		BE2E92A81FD7908100F6DE24 /* Base */ = {isa = PBXFileReference; lastKnownFileType = file.storyboard; name = Base; path = Base.lproj/Main.storyboard; sourceTree = "<group>"; };
		BE2E92AA1FD7908100F6DE24 /* Assets.xcassets */ = {isa = PBXFileReference; lastKnownFileType = folder.assetcatalog; path = Assets.xcassets; sourceTree = "<group>"; };
		BE2E92AD1FD7908100F6DE24 /* Base */ = {isa = PBXFileReference; lastKnownFileType = file.storyboard; name = Base; path = Base.lproj/LaunchScreen.storyboard; sourceTree = "<group>"; };
		BE2E92AF1FD7908100F6DE24 /* Info.plist */ = {isa = PBXFileReference; lastKnownFileType = text.plist.xml; path = Info.plist; sourceTree = "<group>"; };
		BE2E92B01FD7908100F6DE24 /* main.m */ = {isa = PBXFileReference; lastKnownFileType = sourcecode.c.objc; path = main.m; sourceTree = "<group>"; };
		BE2E92B81FD7917900F6DE24 /* IBAlertSheet.h */ = {isa = PBXFileReference; lastKnownFileType = sourcecode.c.h; path = IBAlertSheet.h; sourceTree = "<group>"; };
		BE2E92B91FD7917900F6DE24 /* IBAlertSheet.m */ = {isa = PBXFileReference; lastKnownFileType = sourcecode.c.objc; path = IBAlertSheet.m; sourceTree = "<group>"; };
		BE2E92BC1FD7BB0B00F6DE24 /* IBMonthPicker.h */ = {isa = PBXFileReference; lastKnownFileType = sourcecode.c.h; path = IBMonthPicker.h; sourceTree = "<group>"; };
		BE2E92BD1FD7BB0B00F6DE24 /* IBMonthPicker.m */ = {isa = PBXFileReference; lastKnownFileType = sourcecode.c.objc; path = IBMonthPicker.m; sourceTree = "<group>"; };
		BE2E92BF1FD7BC0A00F6DE24 /* NSDate+JPExtention.m */ = {isa = PBXFileReference; fileEncoding = 4; lastKnownFileType = sourcecode.c.objc; path = "NSDate+JPExtention.m"; sourceTree = "<group>"; };
		BE2E92C01FD7BC0A00F6DE24 /* NSDate+JPExtention.h */ = {isa = PBXFileReference; fileEncoding = 4; lastKnownFileType = sourcecode.c.h; path = "NSDate+JPExtention.h"; sourceTree = "<group>"; };
/* End PBXFileReference section */

/* Begin PBXFrameworksBuildPhase section */
		BE2E929B1FD7908100F6DE24 /* Frameworks */ = {
			isa = PBXFrameworksBuildPhase;
			buildActionMask = 2147483647;
			files = (
			);
			runOnlyForDeploymentPostprocessing = 0;
		};
/* End PBXFrameworksBuildPhase section */

/* Begin PBXGroup section */
		BE2E92951FD7908100F6DE24 = {
			isa = PBXGroup;
			children = (
				BE2E92A01FD7908100F6DE24 /* IBAlertSheet */,
				BE2E929F1FD7908100F6DE24 /* Products */,
			);
			sourceTree = "<group>";
		};
		BE2E929F1FD7908100F6DE24 /* Products */ = {
			isa = PBXGroup;
			children = (
				BE2E929E1FD7908100F6DE24 /* IBAlertSheet.app */,
			);
			name = Products;
			sourceTree = "<group>";
		};
		BE2E92A01FD7908100F6DE24 /* IBAlertSheet */ = {
			isa = PBXGroup;
			children = (
				BE2E92BB1FD7BA5700F6DE24 /* IBMonthPicker */,
				BE2E92B71FD790A300F6DE24 /* IBAlertSheet */,
				BE2E92A11FD7908100F6DE24 /* AppDelegate.h */,
				BE2E92A21FD7908100F6DE24 /* AppDelegate.m */,
				BE2E92A41FD7908100F6DE24 /* ViewController.h */,
				BE2E92A51FD7908100F6DE24 /* ViewController.m */,
				BE2E92C01FD7BC0A00F6DE24 /* NSDate+JPExtention.h */,
				BE2E92BF1FD7BC0A00F6DE24 /* NSDate+JPExtention.m */,
				BE2E92A71FD7908100F6DE24 /* Main.storyboard */,
				BE2E92AA1FD7908100F6DE24 /* Assets.xcassets */,
				BE2E92AC1FD7908100F6DE24 /* LaunchScreen.storyboard */,
				BE2E92AF1FD7908100F6DE24 /* Info.plist */,
				BE2E92B01FD7908100F6DE24 /* main.m */,
			);
			path = IBAlertSheet;
			sourceTree = "<group>";
		};
		BE2E92B71FD790A300F6DE24 /* IBAlertSheet */ = {
			isa = PBXGroup;
			children = (
				BE2E92B81FD7917900F6DE24 /* IBAlertSheet.h */,
				BE2E92B91FD7917900F6DE24 /* IBAlertSheet.m */,
			);
			path = IBAlertSheet;
			sourceTree = "<group>";
		};
		BE2E92BB1FD7BA5700F6DE24 /* IBMonthPicker */ = {
			isa = PBXGroup;
			children = (
				BE2E92BC1FD7BB0B00F6DE24 /* IBMonthPicker.h */,
				BE2E92BD1FD7BB0B00F6DE24 /* IBMonthPicker.m */,
			);
			path = IBMonthPicker;
			sourceTree = "<group>";
		};
/* End PBXGroup section */

/* Begin PBXNativeTarget section */
		BE2E929D1FD7908100F6DE24 /* IBAlertSheet */ = {
			isa = PBXNativeTarget;
			buildConfigurationList = BE2E92B41FD7908100F6DE24 /* Build configuration list for PBXNativeTarget "IBAlertSheet" */;
			buildPhases = (
				BE2E929A1FD7908100F6DE24 /* Sources */,
				BE2E929B1FD7908100F6DE24 /* Frameworks */,
				BE2E929C1FD7908100F6DE24 /* Resources */,
			);
			buildRules = (
			);
			dependencies = (
			);
			name = IBAlertSheet;
			productName = IBAlertSheet;
			productReference = BE2E929E1FD7908100F6DE24 /* IBAlertSheet.app */;
			productType = "com.apple.product-type.application";
		};
/* End PBXNativeTarget section */

/* Begin PBXProject section */
		BE2E92961FD7908100F6DE24 /* Project object */ = {
			isa = PBXProject;
			attributes = {
				LastUpgradeCheck = 0910;
				ORGANIZATIONNAME = iBlocker;
				TargetAttributes = {
					BE2E929D1FD7908100F6DE24 = {
						CreatedOnToolsVersion = 9.1;
						ProvisioningStyle = Automatic;
					};
				};
			};
			buildConfigurationList = BE2E92991FD7908100F6DE24 /* Build configuration list for PBXProject "IBAlertSheet" */;
			compatibilityVersion = "Xcode 8.0";
			developmentRegion = en;
			hasScannedForEncodings = 0;
			knownRegions = (
				en,
				Base,
			);
			mainGroup = BE2E92951FD7908100F6DE24;
			productRefGroup = BE2E929F1FD7908100F6DE24 /* Products */;
			projectDirPath = "";
			projectRoot = "";
			targets = (
				BE2E929D1FD7908100F6DE24 /* IBAlertSheet */,
			);
		};
/* End PBXProject section */

/* Begin PBXResourcesBuildPhase section */
		BE2E929C1FD7908100F6DE24 /* Resources */ = {
			isa = PBXResourcesBuildPhase;
			buildActionMask = 2147483647;
			files = (
				BE2E92AE1FD7908100F6DE24 /* LaunchScreen.storyboard in Resources */,
				BE2E92AB1FD7908100F6DE24 /* Assets.xcassets in Resources */,
				BE2E92A91FD7908100F6DE24 /* Main.storyboard in Resources */,
			);
			runOnlyForDeploymentPostprocessing = 0;
		};
/* End PBXResourcesBuildPhase section */

/* Begin PBXSourcesBuildPhase section */
		BE2E929A1FD7908100F6DE24 /* Sources */ = {
			isa = PBXSourcesBuildPhase;
			buildActionMask = 2147483647;
			files = (
				BE2E92BE1FD7BB0B00F6DE24 /* IBMonthPicker.m in Sources */,
				BE2E92C11FD7BC0A00F6DE24 /* NSDate+JPExtention.m in Sources */,
				BE2E92A61FD7908100F6DE24 /* ViewController.m in Sources */,
				BE2E92BA1FD7917900F6DE24 /* IBAlertSheet.m in Sources */,
				BE2E92B11FD7908100F6DE24 /* main.m in Sources */,
				BE2E92A31FD7908100F6DE24 /* AppDelegate.m in Sources */,
			);
			runOnlyForDeploymentPostprocessing = 0;
		};
/* End PBXSourcesBuildPhase section */

/* Begin PBXVariantGroup section */
		BE2E92A71FD7908100F6DE24 /* Main.storyboard */ = {
			isa = PBXVariantGroup;
			children = (
				BE2E92A81FD7908100F6DE24 /* Base */,
			);
			name = Main.storyboard;
			sourceTree = "<group>";
		};
		BE2E92AC1FD7908100F6DE24 /* LaunchScreen.storyboard */ = {
			isa = PBXVariantGroup;
			children = (
				BE2E92AD1FD7908100F6DE24 /* Base */,
			);
			name = LaunchScreen.storyboard;
			sourceTree = "<group>";
		};
/* End PBXVariantGroup section */

/* Begin XCBuildConfiguration section */
		BE2E92B21FD7908100F6DE24 /* Debug */ = {
			isa = XCBuildConfiguration;
			buildSettings = {
				ALWAYS_SEARCH_USER_PATHS = NO;
				CLANG_ANALYZER_NONNULL = YES;
				CLANG_ANALYZER_NUMBER_OBJECT_CONVERSION = YES_AGGRESSIVE;
				CLANG_CXX_LANGUAGE_STANDARD = "gnu++14";
				CLANG_CXX_LIBRARY = "libc++";
				CLANG_ENABLE_MODULES = YES;
				CLANG_ENABLE_OBJC_ARC = YES;
				CLANG_WARN_BLOCK_CAPTURE_AUTORELEASING = YES;
				CLANG_WARN_BOOL_CONVERSION = YES;
				CLANG_WARN_COMMA = YES;
				CLANG_WARN_CONSTANT_CONVERSION = YES;
				CLANG_WARN_DIRECT_OBJC_ISA_USAGE = YES_ERROR;
				CLANG_WARN_DOCUMENTATION_COMMENTS = YES;
				CLANG_WARN_EMPTY_BODY = YES;
				CLANG_WARN_ENUM_CONVERSION = YES;
				CLANG_WARN_INFINITE_RECURSION = YES;
				CLANG_WARN_INT_CONVERSION = YES;
				CLANG_WARN_NON_LITERAL_NULL_CONVERSION = YES;
				CLANG_WARN_OBJC_LITERAL_CONVERSION = YES;
				CLANG_WARN_OBJC_ROOT_CLASS = YES_ERROR;
				CLANG_WARN_RANGE_LOOP_ANALYSIS = YES;
				CLANG_WARN_STRICT_PROTOTYPES = YES;
				CLANG_WARN_SUSPICIOUS_MOVE = YES;
				CLANG_WARN_UNGUARDED_AVAILABILITY = YES_AGGRESSIVE;
				CLANG_WARN_UNREACHABLE_CODE = YES;
				CLANG_WARN__DUPLICATE_METHOD_MATCH = YES;
				CODE_SIGN_IDENTITY = "iPhone Developer";
				COPY_PHASE_STRIP = NO;
				DEBUG_INFORMATION_FORMAT = dwarf;
				ENABLE_STRICT_OBJC_MSGSEND = YES;
				ENABLE_TESTABILITY = YES;
				GCC_C_LANGUAGE_STANDARD = gnu11;
				GCC_DYNAMIC_NO_PIC = NO;
				GCC_NO_COMMON_BLOCKS = YES;
				GCC_OPTIMIZATION_LEVEL = 0;
				GCC_PREPROCESSOR_DEFINITIONS = (
					"DEBUG=1",
					"$(inherited)",
				);
				GCC_WARN_64_TO_32_BIT_CONVERSION = YES;
				GCC_WARN_ABOUT_RETURN_TYPE = YES_ERROR;
				GCC_WARN_UNDECLARED_SELECTOR = YES;
				GCC_WARN_UNINITIALIZED_AUTOS = YES_AGGRESSIVE;
				GCC_WARN_UNUSED_FUNCTION = YES;
				GCC_WARN_UNUSED_VARIABLE = YES;
				IPHONEOS_DEPLOYMENT_TARGET = 11.1;
				MTL_ENABLE_DEBUG_INFO = YES;
				ONLY_ACTIVE_ARCH = YES;
				SDKROOT = iphoneos;
			};
			name = Debug;
		};
		BE2E92B31FD7908100F6DE24 /* Release */ = {
			isa = XCBuildConfiguration;
			buildSettings = {
				ALWAYS_SEARCH_USER_PATHS = NO;
				CLANG_ANALYZER_NONNULL = YES;
				CLANG_ANALYZER_NUMBER_OBJECT_CONVERSION = YES_AGGRESSIVE;
				CLANG_CXX_LANGUAGE_STANDARD = "gnu++14";
				CLANG_CXX_LIBRARY = "libc++";
				CLANG_ENABLE_MODULES = YES;
				CLANG_ENABLE_OBJC_ARC = YES;
				CLANG_WARN_BLOCK_CAPTURE_AUTORELEASING = YES;
				CLANG_WARN_BOOL_CONVERSION = YES;
				CLANG_WARN_COMMA = YES;
				CLANG_WARN_CONSTANT_CONVERSION = YES;
				CLANG_WARN_DIRECT_OBJC_ISA_USAGE = YES_ERROR;
				CLANG_WARN_DOCUMENTATION_COMMENTS = YES;
				CLANG_WARN_EMPTY_BODY = YES;
				CLANG_WARN_ENUM_CONVERSION = YES;
				CLANG_WARN_INFINITE_RECURSION = YES;
				CLANG_WARN_INT_CONVERSION = YES;
				CLANG_WARN_NON_LITERAL_NULL_CONVERSION = YES;
				CLANG_WARN_OBJC_LITERAL_CONVERSION = YES;
				CLANG_WARN_OBJC_ROOT_CLASS = YES_ERROR;
				CLANG_WARN_RANGE_LOOP_ANALYSIS = YES;
				CLANG_WARN_STRICT_PROTOTYPES = YES;
				CLANG_WARN_SUSPICIOUS_MOVE = YES;
				CLANG_WARN_UNGUARDED_AVAILABILITY = YES_AGGRESSIVE;
				CLANG_WARN_UNREACHABLE_CODE = YES;
				CLANG_WARN__DUPLICATE_METHOD_MATCH = YES;
				CODE_SIGN_IDENTITY = "iPhone Developer";
				COPY_PHASE_STRIP = NO;
				DEBUG_INFORMATION_FORMAT = "dwarf-with-dsym";
				ENABLE_NS_ASSERTIONS = NO;
				ENABLE_STRICT_OBJC_MSGSEND = YES;
				GCC_C_LANGUAGE_STANDARD = gnu11;
				GCC_NO_COMMON_BLOCKS = YES;
				GCC_WARN_64_TO_32_BIT_CONVERSION = YES;
				GCC_WARN_ABOUT_RETURN_TYPE = YES_ERROR;
				GCC_WARN_UNDECLARED_SELECTOR = YES;
				GCC_WARN_UNINITIALIZED_AUTOS = YES_AGGRESSIVE;
				GCC_WARN_UNUSED_FUNCTION = YES;
				GCC_WARN_UNUSED_VARIABLE = YES;
				IPHONEOS_DEPLOYMENT_TARGET = 11.1;
				MTL_ENABLE_DEBUG_INFO = NO;
				SDKROOT = iphoneos;
				VALIDATE_PRODUCT = YES;
			};
			name = Release;
		};
		BE2E92B51FD7908100F6DE24 /* Debug */ = {
			isa = XCBuildConfiguration;
			buildSettings = {
				ASSETCATALOG_COMPILER_APPICON_NAME = AppIcon;
				CODE_SIGN_STYLE = Automatic;
				DEVELOPMENT_TEAM = 23D6YEXPCV;
				INFOPLIST_FILE = IBAlertSheet/Info.plist;
				IPHONEOS_DEPLOYMENT_TARGET = 8.0;
				LD_RUNPATH_SEARCH_PATHS = "$(inherited) @executable_path/Frameworks";
				PRODUCT_BUNDLE_IDENTIFIER = com.dingyuda.IBAlertSheet;
				PRODUCT_NAME = "$(TARGET_NAME)";
				TARGETED_DEVICE_FAMILY = "1,2";
			};
			name = Debug;
		};
		BE2E92B61FD7908100F6DE24 /* Release */ = {
			isa = XCBuildConfiguration;
			buildSettings = {
				ASSETCATALOG_COMPILER_APPICON_NAME = AppIcon;
				CODE_SIGN_STYLE = Automatic;
				DEVELOPMENT_TEAM = 23D6YEXPCV;
				INFOPLIST_FILE = IBAlertSheet/Info.plist;
				IPHONEOS_DEPLOYMENT_TARGET = 8.0;
				LD_RUNPATH_SEARCH_PATHS = "$(inherited) @executable_path/Frameworks";
				PRODUCT_BUNDLE_IDENTIFIER = com.dingyuda.IBAlertSheet;
				PRODUCT_NAME = "$(TARGET_NAME)";
				TARGETED_DEVICE_FAMILY = "1,2";
			};
			name = Release;
		};
/* End XCBuildConfiguration section */

/* Begin XCConfigurationList section */
		BE2E92991FD7908100F6DE24 /* Build configuration list for PBXProject "IBAlertSheet" */ = {
			isa = XCConfigurationList;
			buildConfigurations = (
				BE2E92B21FD7908100F6DE24 /* Debug */,
				BE2E92B31FD7908100F6DE24 /* Release */,
			);
			defaultConfigurationIsVisible = 0;
			defaultConfigurationName = Release;
		};
		BE2E92B41FD7908100F6DE24 /* Build configuration list for PBXNativeTarget "IBAlertSheet" */ = {
			isa = XCConfigurationList;
			buildConfigurations = (
				BE2E92B51FD7908100F6DE24 /* Debug */,
				BE2E92B61FD7908100F6DE24 /* Release */,
			);
			defaultConfigurationIsVisible = 0;
			defaultConfigurationName = Release;
		};
/* End XCConfigurationList section */
	};
	rootObject = BE2E92961FD7908100F6DE24 /* Project object */;
}
